hash: 3cde4aebf8de3b38bc18e8f648d23b8649cae8c6a3abef28fd34109ead1444a6
updated: 2017-08-02T11:06:42.539934448-08:00
imports:
- name: github.com/agl/ed25519
  version: 5312a61534124124185d41f09206b9fef1d88403
  subpackages:
  - edwards25519
- name: github.com/ajg/form
  version: 523a5da1a92f01b01f840b61689c0340a0243532
- name: github.com/asaskevich/govalidator
  version: f0666aa80d7dcf75bd564ae8717b952d74a29d6a
  repo: https://github.com/stellar/govalidator.git
- name: github.com/aws/aws-sdk-go
  version: ae48d7372b4f879cfe994d7a037a6a822cafdde0
  subpackages:
  - aws
  - aws/awserr
  - aws/awsutil
  - aws/client
  - aws/client/metadata
  - aws/corehandlers
  - aws/credentials
  - aws/credentials/ec2rolecreds
  - aws/credentials/endpointcreds
  - aws/credentials/stscreds
  - aws/defaults
  - aws/ec2metadata
  - aws/endpoints
  - aws/request
  - aws/session
  - aws/signer/v4
  - internal/shareddefaults
  - private/protocol
  - private/protocol/query
  - private/protocol/query/queryutil
  - private/protocol/rest
  - private/protocol/restxml
  - private/protocol/xml/xmlutil
  - service/s3
  - service/sts
- name: github.com/BurntSushi/toml
  version: a368813c5e648fee92e5f6c30e3944ff9d5e8895
- name: github.com/certifi/gocertifi
  version: 3fd9e1adb12b72d2f3f82191d49be9b93c69f67c
- name: github.com/davecgh/go-spew
  version: 04cdfd42973bb9c8589fd6a731800cf222fde1a9
  subpackages:
  - spew
- name: github.com/fatih/structs
  version: 7e5a8eef611ee84dd359503f3969f80df4c50723
- name: github.com/gavv/monotime
  version: 47d58efa69556a936a3c15eb2ed42706d968ab01
- name: github.com/getsentry/raven-go
  version: d175f85701dfbf44cb0510114c9943e665e60907
- name: github.com/go-ini/ini
  version: 3d73f4b845efdf9989fffd4b4e562727744a34ba
- name: github.com/go-sql-driver/mysql
  version: 3955978caca48c1658a4bb7a9c6a0f084e326af3
- name: github.com/google/go-querystring
  version: 53e6ce116135b80d037921a7fdd5138cf32d7a8a
  subpackages:
  - query
- name: github.com/howeyc/gopass
  version: bf9dde6d0d2c004a008c27aaee91170c786f6db8
- name: github.com/imkira/go-interpol
  version: 5accad8134979a6ac504d456a6c7f1c53da237ca
- name: github.com/inconshreveable/mousetrap
  version: 76626ae9c91c4f2a10f34cad8ce83ea42c93bb75
- name: github.com/jarcoal/httpmock
  version: 4442edb3db31196622da56482fd8d0fa375fba4d
- name: github.com/jmespath/go-jmespath
  version: bd40a432e4c76585ef6b72d3fd96fb9b6dc7b68d
- name: github.com/jmoiron/sqlx
  version: d9bd385d68c068f1fabb5057e3dedcbcbb039d0f
  subpackages:
  - reflectx
- name: github.com/klauspost/compress
  version: f3dce52e0576655d55fd69e74b63da96ad1108f3
  subpackages:
  - flate
  - gzip
  - zlib
- name: github.com/klauspost/cpuid
  version: ae7887de9fa5d2db4eaa8174a7eff2c1ac00f2da
- name: github.com/lann/builder
  version: f22ce00fd9394014049dad11c244859432bd6820
- name: github.com/lann/ps
  version: 62de8c46ede02a7675c4c79c84883eb164cb71e3
- name: github.com/lib/pq
  version: dd1fe2071026ce53f36a39112e645b4d4f5793a4
  subpackages:
  - oid
- name: github.com/manucorporat/sse
  version: ee05b128a739a0fb76c7ebd3ae4810c1de808d6d
- name: github.com/Masterminds/squirrel
  version: 20f192218cf52a73397fa2df45bdda720f3e47c8
- name: github.com/mattn/go-sqlite3
  version: 6654e412c3c7eabb310d920cf73a2102dbf8c632
- name: github.com/moul/http2curl
  version: 4e24498b31dba4683efb9d35c1c8a91e2eda28c8
- name: github.com/nullstyle/go-xdr
  version: 3c3a95da20cd1e19018bf098dce9c3ce358848df
  subpackages:
  - xdr3
- name: github.com/onsi/ginkgo
  version: 8382b23d18dbaaff8e5f7e83784c53ebb8ec2f47
  subpackages:
  - config
  - extensions/table
  - internal/codelocation
  - internal/containernode
  - internal/failer
  - internal/leafnodes
  - internal/remote
  - internal/spec
  - internal/spec_iterator
  - internal/specrunner
  - internal/suite
  - internal/testingtproxy
  - internal/writer
  - reporters
  - reporters/stenographer
  - reporters/stenographer/support/go-colorable
  - reporters/stenographer/support/go-isatty
  - types
- name: github.com/onsi/gomega
  version: c893efa28eb45626cdaa76c9f653b62488858837
  subpackages:
  - format
  - internal/assertion
  - internal/asyncassertion
  - internal/oraclematcher
  - internal/testingtsupport
  - matchers
  - matchers/support/goraph/bipartitegraph
  - matchers/support/goraph/edge
  - matchers/support/goraph/node
  - matchers/support/goraph/util
  - types
- name: github.com/pkg/errors
  version: 645ef00459ed84a119197bfb8d8205042c6df63d
- name: github.com/pmezard/go-difflib
  version: d8ed2627bdf02c080bf22230dbb337003b7aba2d
  subpackages:
  - difflib
- name: github.com/rs/cors
  version: eabcc6af4bbe5ad3a949d36450326a2b0b9894b8
- name: github.com/segmentio/go-loggly
  version: e78f6971ebca5835614673e2f5f6a47ca5f13501
- name: github.com/sergi/go-diff
  version: 24e2351369ec4949b2ed0dc5c477afdd4c4034e8
  repo: https://github.com/sergi/go-diff
  subpackages:
  - diffmatchpatch
- name: github.com/sirupsen/logrus
  version: 181d419aa9e2223811b824e8f0b4af96f9ba9302
  subpackages:
  - hooks/test
- name: github.com/spf13/cobra
  version: b26b538f693051ac6518e65672de3144ce3fbedc
- name: github.com/spf13/pflag
  version: e57e3eeb33f795204c1ca35f56c44f83227c6e66
- name: github.com/stretchr/objx
  version: cbeaeb16a013161a98496fad62933b1d21786672
- name: github.com/stretchr/testify
  version: 05e8a0eda380579888eb53c394909df027f06991
  subpackages:
  - assert
  - mock
  - require
- name: github.com/valyala/bytebufferpool
  version: e746df99fe4a3986f4d4f79e13c1e0117ce9c2f7
- name: github.com/valyala/fasthttp
  version: ae643c872d2c060154a4fb2162dc1c0ab1693ccd
  subpackages:
  - fasthttputil
  - stackless
- name: github.com/visionmedia/go-debug
  version: ff4a55a20a86994118644bbddc6a216da193cc13
- name: github.com/xeipuuv/gojsonpointer
  version: 6fe8760cad3569743d51ddbb243b26f8456742dc
- name: github.com/xeipuuv/gojsonreference
  version: e02fc20de94c78484cd5ffb007f8af96be030a45
- name: github.com/xeipuuv/gojsonschema
  version: 0c8571ac0ce161a5feb57375a9cdf148c98c0f70
- name: github.com/y0ssar1an/q
  version: 392ac3089fcf8c70ebbe85f4c29778b7ebe27a9f
- name: github.com/yalp/jsonpath
  version: 31a79c7593bb93eb10b163650d4a3e6ca190e4dc
- name: github.com/yudai/gojsondiff
  version: 081cda2ee95045a2c26da52c2ba80860838549de
  subpackages:
  - formatter
- name: github.com/yudai/golcs
  version: d1c525dea8ce39ea9a783d33cf08932305373f2c
  repo: https://github.com/yudai/golcs
- name: goji.io
  version: 0d89ff54b2c18c9c4ba530e32496aef902d3c6cd
  subpackages:
  - internal
  - pat
  - pattern
- name: golang.org/x/crypto
  version: 358f15eacb587b056fc93273b930314a5cda12fe
  subpackages:
  - ssh/terminal
- name: golang.org/x/net
  version: f5079bd7f6f74e23c4d65efa0f4ce14cbd6a3c0f
  subpackages:
  - context
  - html
  - html/atom
  - html/charset
  - http2
  - http2/hpack
  - idna
  - lex/httplex
  - publicsuffix
- name: golang.org/x/sys
  version: e312636bdaa2fac4f0acde9d17ab9fbad2b4ad10
  subpackages:
  - unix
- name: golang.org/x/text
  version: 3bd178b88a8180be2df394a1fbb81313916f0e7b
  subpackages:
  - encoding
  - encoding/charmap
  - encoding/htmlindex
  - encoding/internal
  - encoding/internal/identifier
  - encoding/japanese
  - encoding/korean
  - encoding/simplifiedchinese
  - encoding/traditionalchinese
  - encoding/unicode
  - internal/tag
  - internal/utf8internal
  - language
  - runes
  - secure/bidirule
  - transform
  - unicode/bidi
  - unicode/norm
- name: gopkg.in/gavv/httpexpect.v1
  version: d852bb8255b678d369ba96dc7647bac47e092c96
- name: gopkg.in/tylerb/graceful.v1
  version: 4654dfbb6ad53cb5e27f37d99b02e16c1872fbbb
testImports:
- name: gopkg.in/yaml.v2
  version: 25c4ec802a7d637f88d584ab26798e94ad14c13b
